Microsoft Visual Studio Solution File, Format Version 11.00
# Visual Studio 2008

Project("{53473588-4D34-1071-762E-DE7AF01C53E8}") = "kill", "Assembly-CSharp.csproj", "{86E64A00-A758-870B-CE1C-361C4C2E0B2D}"
EndProject
Global
	GlobalSection(SolutionConfigurationPlatforms) = preSolution
		Debug|Any CPU = Debug|Any CPU
		Release|Any CPU = Release|Any CPU
	EndGlobalSection
	GlobalSection(ProjectConfigurationPlatforms) = postSolution
		{86E64A00-A758-870B-CE1C-361C4C2E0B2D}.Debug|Any CPU.ActiveCfg = Debug|Any CPU
		{86E64A00-A758-870B-CE1C-361C4C2E0B2D}.Debug|Any CPU.Build.0 = Debug|Any CPU
		{86E64A00-A758-870B-CE1C-361C4C2E0B2D}.Release|Any CPU.ActiveCfg = Release|Any CPU
		{86E64A00-A758-870B-CE1C-361C4C2E0B2D}.Release|Any CPU.Build.0 = Release|Any CPU
	EndGlobalSection
	GlobalSection(SolutionProperties) = preSolution
		HideSolutionNode = FALSE
	EndGlobalSection
	GlobalSection(MonoDevelopProperties) = preSolution
		StartupItem = Assembly-CSharp.csproj
	EndGlobalSection
EndGlobal
